
Microsoft Visual Studio Solution File, Format Version 12.00
# Visual Studio 2012
Project("{FAE04EC0-301F-11D3-BF4B-00C04F79EFBC}") = "KeySprite", "KeySprite\KeySprite.csproj", "{E0BDE9C4-79E1-4C74-AC41-6AB29D7794CE}"
EndProject
Global
	GlobalSection(SolutionConfigurationPlatforms) = preSolution
		Debug|Any CPU = Debug|Any CPU
		Release|Any CPU = Release|Any CPU
	EndGlobalSection
	GlobalSection(ProjectConfigurationPlatforms) = postSolution
		{E0BDE9C4-79E1-4C74-AC41-6AB29D7794CE}.Debug|Any CPU.ActiveCfg = Debug|Any CPU
		{E0BDE9C4-79E1-4C74-AC41-6AB29D7794CE}.Debug|Any CPU.Build.0 = Debug|Any CPU
		{E0BDE9C4-79E1-4C74-AC41-6AB29D7794CE}.Release|Any CPU.ActiveCfg = Release|Any CPU
		{E0BDE9C4-79E1-4C74-AC41-6AB29D7794CE}.Release|Any CPU.Build.0 = Release|Any CPU
	EndGlobalSection
	GlobalSection(SolutionProperties) = preSolution
		HideSolutionNode = FALSE
	EndGlobalSection
EndGlobal
